// !$*UTF8*$!
{
	archiveVersion = 1;
	classes = {
	};
	objectVersion = 51;
	objects = {

/* Begin PBXBuildFile section */
		1A3C591C259B76E4001C1B0E /* AppDelegate.swift in Sources */ = {isa = PBXBuildFile; fileRef = 1A3C591B259B76E4001C1B0E /* AppDelegate.swift */; };
		1A3C591E259B76E4001C1B0E /* SceneDelegate.swift in Sources */ = {isa = PBXBuildFile; fileRef = 1A3C591D259B76E4001C1B0E /* SceneDelegate.swift */; };
		1A3C5923259B76E4001C1B0E /* Main.storyboard in Resources */ = {isa = PBXBuildFile; fileRef = 1A3C5921259B76E4001C1B0E /* Main.storyboard */; };
		1A3C5925259B76E7001C1B0E /* Assets.xcassets in Resources */ = {isa = PBXBuildFile; fileRef = 1A3C5924259B76E7001C1B0E /* Assets.xcassets */; };
		1A3C5928259B76E7001C1B0E /* LaunchScreen.storyboard in Resources */ = {isa = PBXBuildFile; fileRef = 1A3C5926259B76E7001C1B0E /* LaunchScreen.storyboard */; };
		1A3C5933259B76E7001C1B0E /* LiloTests.swift in Sources */ = {isa = PBXBuildFile; fileRef = 1A3C5932259B76E7001C1B0E /* LiloTests.swift */; };
		1A3C593E259B76E7001C1B0E /* LiloUITests.swift in Sources */ = {isa = PBXBuildFile; fileRef = 1A3C593D259B76E7001C1B0E /* LiloUITests.swift */; };
		1A3C5962259B7F68001C1B0E /* HomeVC.swift in Sources */ = {isa = PBXBuildFile; fileRef = 1A3C5961259B7F68001C1B0E /* HomeVC.swift */; };
		1A4420EB259C8D3A00024F58 /* Constants.swift in Sources */ = {isa = PBXBuildFile; fileRef = 1A4420EA259C8D3A00024F58 /* Constants.swift */; };
		1A4420F3259C8DD700024F58 /* StationService.swift in Sources */ = {isa = PBXBuildFile; fileRef = 1A4420F2259C8DD700024F58 /* StationService.swift */; };
		1A442100259CB24500024F58 /* Stations.swift in Sources */ = {isa = PBXBuildFile; fileRef = 1A4420FF259CB24500024F58 /* Stations.swift */; };
		1A44212D259CD60F00024F58 /* StationPin.swift in Sources */ = {isa = PBXBuildFile; fileRef = 1A44212C259CD60F00024F58 /* StationPin.swift */; };
		1A442138259DC35E00024F58 /* BikeService.swift in Sources */ = {isa = PBXBuildFile; fileRef = 1A442137259DC35E00024F58 /* BikeService.swift */; };
		1A442140259DD32500024F58 /* Bikes.swift in Sources */ = {isa = PBXBuildFile; fileRef = 1A44213F259DD32500024F58 /* Bikes.swift */; };
		1E3B1E737914BF6A382F33E2 /* Pods_Lilo.framework in Frameworks */ = {isa = PBXBuildFile; fileRef = 59EF48E2E455B4EF83F735E7 /* Pods_Lilo.framework */; };
		9CB5DD6595E7CE4061CC0955 /* Pods_Lilo_LiloUITests.framework in Frameworks */ = {isa = PBXBuildFile; fileRef = 1DD3F37F2F9C6EF2A69B120A /* Pods_Lilo_LiloUITests.framework */; };
		CFB45D0BDFAB9CE74CE2A743 /* Pods_LiloTests.framework in Frameworks */ = {isa = PBXBuildFile; fileRef = 9277DB99EB8A093E09228749 /* Pods_LiloTests.framework */; };
/* End PBXBuildFile section */

/* Begin PBXContainerItemProxy section */
		1A3C592F259B76E7001C1B0E /* PBXContainerItemProxy */ = {
			isa = PBXContainerItemProxy;
			containerPortal = 1A3C5910259B76E4001C1B0E /* Project object */;
			proxyType = 1;
			remoteGlobalIDString = 1A3C5917259B76E4001C1B0E;
			remoteInfo = Lilo;
		};
		1A3C593A259B76E7001C1B0E /* PBXContainerItemProxy */ = {
			isa = PBXContainerItemProxy;
			containerPortal = 1A3C5910259B76E4001C1B0E /* Project object */;
			proxyType = 1;
			remoteGlobalIDString = 1A3C5917259B76E4001C1B0E;
			remoteInfo = Lilo;
		};
/* End PBXContainerItemProxy section */

/* Begin PBXFileReference section */
		1A3C5918259B76E4001C1B0E /* Lilo.app */ = {isa = PBXFileReference; explicitFileType = wrapper.application; includeInIndex = 0; path = Lilo.app; sourceTree = BUILT_PRODUCTS_DIR; };
		1A3C591B259B76E4001C1B0E /* AppDelegate.swift */ = {isa = PBXFileReference; lastKnownFileType = sourcecode.swift; path = AppDelegate.swift; sourceTree = "<group>"; };
		1A3C591D259B76E4001C1B0E /* SceneDelegate.swift */ = {isa = PBXFileReference; lastKnownFileType = sourcecode.swift; path = SceneDelegate.swift; sourceTree = "<group>"; };
		1A3C5922259B76E4001C1B0E /* Base */ = {isa = PBXFileReference; lastKnownFileType = file.storyboard; name = Base; path = Base.lproj/Main.storyboard; sourceTree = "<group>"; };
		1A3C5924259B76E7001C1B0E /* Assets.xcassets */ = {isa = PBXFileReference; lastKnownFileType = folder.assetcatalog; path = Assets.xcassets; sourceTree = "<group>"; };
		1A3C5927259B76E7001C1B0E /* Base */ = {isa = PBXFileReference; lastKnownFileType = file.storyboard; name = Base; path = Base.lproj/LaunchScreen.storyboard; sourceTree = "<group>"; };
		1A3C5929259B76E7001C1B0E /* Info.plist */ = {isa = PBXFileReference; lastKnownFileType = text.plist.xml; path = Info.plist; sourceTree = "<group>"; };
		1A3C592E259B76E7001C1B0E /* LiloTests.xctest */ = {isa = PBXFileReference; explicitFileType = wrapper.cfbundle; includeInIndex = 0; path = LiloTests.xctest; sourceTree = BUILT_PRODUCTS_DIR; };
		1A3C5932259B76E7001C1B0E /* LiloTests.swift */ = {isa = PBXFileReference; lastKnownFileType = sourcecode.swift; path = LiloTests.swift; sourceTree = "<group>"; };
		1A3C5934259B76E7001C1B0E /* Info.plist */ = {isa = PBXFileReference; lastKnownFileType = text.plist.xml; path = Info.plist; sourceTree = "<group>"; };
		1A3C5939259B76E7001C1B0E /* LiloUITests.xctest */ = {isa = PBXFileReference; explicitFileType = wrapper.cfbundle; includeInIndex = 0; path = LiloUITests.xctest; sourceTree = BUILT_PRODUCTS_DIR; };
		1A3C593D259B76E7001C1B0E /* LiloUITests.swift */ = {isa = PBXFileReference; lastKnownFileType = sourcecode.swift; path = LiloUITests.swift; sourceTree = "<group>"; };
		1A3C593F259B76E7001C1B0E /* Info.plist */ = {isa = PBXFileReference; lastKnownFileType = text.plist.xml; path = Info.plist; sourceTree = "<group>"; };
		1A3C5961259B7F68001C1B0E /* HomeVC.swift */ = {isa = PBXFileReference; lastKnownFileType = sourcecode.swift; path = HomeVC.swift; sourceTree = "<group>"; };
		1A4420EA259C8D3A00024F58 /* Constants.swift */ = {isa = PBXFileReference; lastKnownFileType = sourcecode.swift; path = Constants.swift; sourceTree = "<group>"; };
		1A4420F2259C8DD700024F58 /* StationService.swift */ = {isa = PBXFileReference; lastKnownFileType = sourcecode.swift; path = StationService.swift; sourceTree = "<group>"; };
		1A4420FF259CB24500024F58 /* Stations.swift */ = {isa = PBXFileReference; lastKnownFileType = sourcecode.swift; path = Stations.swift; sourceTree = "<group>"; };
		1A44210A259CCE1E00024F58 /* Location.gpx */ = {isa = PBXFileReference; lastKnownFileType = text.xml; path = Location.gpx; sourceTree = "<group>"; };
		1A44212C259CD60F00024F58 /* StationPin.swift */ = {isa = PBXFileReference; lastKnownFileType = sourcecode.swift; path = StationPin.swift; sourceTree = "<group>"; };
		1A442137259DC35E00024F58 /* BikeService.swift */ = {isa = PBXFileReference; lastKnownFileType = sourcecode.swift; path = BikeService.swift; sourceTree = "<group>"; };
		1A44213F259DD32500024F58 /* Bikes.swift */ = {isa = PBXFileReference; lastKnownFileType = sourcecode.swift; path = Bikes.swift; sourceTree = "<group>"; };
		1DD3F37F2F9C6EF2A69B120A /* Pods_Lilo_LiloUITests.framework */ = {isa = PBXFileReference; explicitFileType = wrapper.framework; includeInIndex = 0; path = Pods_Lilo_LiloUITests.framework; sourceTree = BUILT_PRODUCTS_DIR; };
		1F7438924ADFD5A9603659C1 /* Pods-Lilo.release.xcconfig */ = {isa = PBXFileReference; includeInIndex = 1; lastKnownFileType = text.xcconfig; name = "Pods-Lilo.release.xcconfig"; path = "Target Support Files/Pods-Lilo/Pods-Lilo.release.xcconfig"; sourceTree = "<group>"; };
		4CE2956EE022C8A4311C59AC /* Pods-Lilo.debug.xcconfig */ = {isa = PBXFileReference; includeInIndex = 1; lastKnownFileType = text.xcconfig; name = "Pods-Lilo.debug.xcconfig"; path = "Target Support Files/Pods-Lilo/Pods-Lilo.debug.xcconfig"; sourceTree = "<group>"; };
		59EF48E2E455B4EF83F735E7 /* Pods_Lilo.framework */ = {isa = PBXFileReference; explicitFileType = wrapper.framework; includeInIndex = 0; path = Pods_Lilo.framework; sourceTree = BUILT_PRODUCTS_DIR; };
		7B9721009607EDD21575ED5B /* Pods-LiloTests.debug.xcconfig */ = {isa = PBXFileReference; includeInIndex = 1; lastKnownFileType = text.xcconfig; name = "Pods-LiloTests.debug.xcconfig"; path = "Target Support Files/Pods-LiloTests/Pods-LiloTests.debug.xcconfig"; sourceTree = "<group>"; };
		9277DB99EB8A093E09228749 /* Pods_LiloTests.framework */ = {isa = PBXFileReference; explicitFileType = wrapper.framework; includeInIndex = 0; path = Pods_LiloTests.framework; sourceTree = BUILT_PRODUCTS_DIR; };
		BE9F8BD1747617C8236D8335 /* Pods-Lilo-LiloUITests.debug.xcconfig */ = {isa = PBXFileReference; includeInIndex = 1; lastKnownFileType = text.xcconfig; name = "Pods-Lilo-LiloUITests.debug.xcconfig"; path = "Target Support Files/Pods-Lilo-LiloUITests/Pods-Lilo-LiloUITests.debug.xcconfig"; sourceTree = "<group>"; };
		C18124E8FC414BF7E4E8CED8 /* Pods-Lilo-LiloUITests.release.xcconfig */ = {isa = PBXFileReference; includeInIndex = 1; lastKnownFileType = text.xcconfig; name = "Pods-Lilo-LiloUITests.release.xcconfig"; path = "Target Support Files/Pods-Lilo-LiloUITests/Pods-Lilo-LiloUITests.release.xcconfig"; sourceTree = "<group>"; };
		F7C3D410A8FF77C175177036 /* Pods-LiloTests.release.xcconfig */ = {isa = PBXFileReference; includeInIndex = 1; lastKnownFileType = text.xcconfig; name = "Pods-LiloTests.release.xcconfig"; path = "Target Support Files/Pods-LiloTests/Pods-LiloTests.release.xcconfig"; sourceTree = "<group>"; };
/* End PBXFileReference section */

/* Begin PBXFrameworksBuildPhase section */
		1A3C5915259B76E4001C1B0E /* Frameworks */ = {
			isa = PBXFrameworksBuildPhase;
			buildActionMask = 2147483647;
			files = (
				1E3B1E737914BF6A382F33E2 /* Pods_Lilo.framework in Frameworks */,
			);
			runOnlyForDeploymentPostprocessing = 0;
		};
		1A3C592B259B76E7001C1B0E /* Frameworks */ = {
			isa = PBXFrameworksBuildPhase;
			buildActionMask = 2147483647;
			files = (
				CFB45D0BDFAB9CE74CE2A743 /* Pods_LiloTests.framework in Frameworks */,
			);
			runOnlyForDeploymentPostprocessing = 0;
		};
		1A3C5936259B76E7001C1B0E /* Frameworks */ = {
			isa = PBXFrameworksBuildPhase;
			buildActionMask = 2147483647;
			files = (
				9CB5DD6595E7CE4061CC0955 /* Pods_Lilo_LiloUITests.framework in Frameworks */,
			);
			runOnlyForDeploymentPostprocessing = 0;
		};
/* End PBXFrameworksBuildPhase section */

/* Begin PBXGroup section */
		1A3C590F259B76E4001C1B0E = {
			isa = PBXGroup;
			children = (
				1A44210A259CCE1E00024F58 /* Location.gpx */,
				1A3C591A259B76E4001C1B0E /* Lilo */,
				1A3C5931259B76E7001C1B0E /* LiloTests */,
				1A3C593C259B76E7001C1B0E /* LiloUITests */,
				1A3C5919259B76E4001C1B0E /* Products */,
				C16F12719E42D6FEF8FC77DB /* Pods */,
				9BA6C89F9A426A17BB383824 /* Frameworks */,
			);
			sourceTree = "<group>";
		};
		1A3C5919259B76E4001C1B0E /* Products */ = {
			isa = PBXGroup;
			children = (
				1A3C5918259B76E4001C1B0E /* Lilo.app */,
				1A3C592E259B76E7001C1B0E /* LiloTests.xctest */,
				1A3C5939259B76E7001C1B0E /* LiloUITests.xctest */,
			);
			name = Products;
			sourceTree = "<group>";
		};
		1A3C591A259B76E4001C1B0E /* Lilo */ = {
			isa = PBXGroup;
			children = (
				1A4420E9259C8D1F00024F58 /* Utilities */,
				1A4420E8259C8D1400024F58 /* Services */,
				1A3C5954259B7910001C1B0E /* Controller */,
				1A3C5953259B790A001C1B0E /* View */,
				1A3C5952259B7903001C1B0E /* Model */,
				1A3C591B259B76E4001C1B0E /* AppDelegate.swift */,
				1A3C591D259B76E4001C1B0E /* SceneDelegate.swift */,
				1A3C5921259B76E4001C1B0E /* Main.storyboard */,
				1A3C5924259B76E7001C1B0E /* Assets.xcassets */,
				1A3C5926259B76E7001C1B0E /* LaunchScreen.storyboard */,
				1A3C5929259B76E7001C1B0E /* Info.plist */,
			);
			path = Lilo;
			sourceTree = "<group>";
		};
		1A3C5931259B76E7001C1B0E /* LiloTests */ = {
			isa = PBXGroup;
			children = (
				1A3C5932259B76E7001C1B0E /* LiloTests.swift */,
				1A3C5934259B76E7001C1B0E /* Info.plist */,
			);
			path = LiloTests;
			sourceTree = "<group>";
		};
		1A3C593C259B76E7001C1B0E /* LiloUITests */ = {
			isa = PBXGroup;
			children = (
				1A3C593D259B76E7001C1B0E /* LiloUITests.swift */,
				1A3C593F259B76E7001C1B0E /* Info.plist */,
			);
			path = LiloUITests;
			sourceTree = "<group>";
		};
		1A3C5952259B7903001C1B0E /* Model */ = {
			isa = PBXGroup;
			children = (
				1A4420FF259CB24500024F58 /* Stations.swift */,
				1A44213F259DD32500024F58 /* Bikes.swift */,
			);
			path = Model;
			sourceTree = "<group>";
		};
		1A3C5953259B790A001C1B0E /* View */ = {
			isa = PBXGroup;
			children = (
				1A44212C259CD60F00024F58 /* StationPin.swift */,
			);
			path = View;
			sourceTree = "<group>";
		};
		1A3C5954259B7910001C1B0E /* Controller */ = {
			isa = PBXGroup;
			children = (
				1A3C5961259B7F68001C1B0E /* HomeVC.swift */,
			);
			path = Controller;
			sourceTree = "<group>";
		};
		1A4420E8259C8D1400024F58 /* Services */ = {
			isa = PBXGroup;
			children = (
				1A4420F2259C8DD700024F58 /* StationService.swift */,
				1A442137259DC35E00024F58 /* BikeService.swift */,
			);
			path = Services;
			sourceTree = "<group>";
		};
		1A4420E9259C8D1F00024F58 /* Utilities */ = {
			isa = PBXGroup;
			children = (
				1A4420EA259C8D3A00024F58 /* Constants.swift */,
			);
			path = Utilities;
			sourceTree = "<group>";
		};
		9BA6C89F9A426A17BB383824 /* Frameworks */ = {
			isa = PBXGroup;
			children = (
				59EF48E2E455B4EF83F735E7 /* Pods_Lilo.framework */,
				1DD3F37F2F9C6EF2A69B120A /* Pods_Lilo_LiloUITests.framework */,
				9277DB99EB8A093E09228749 /* Pods_LiloTests.framework */,
			);
			name = Frameworks;
			sourceTree = "<group>";
		};
		C16F12719E42D6FEF8FC77DB /* Pods */ = {
			isa = PBXGroup;
			children = (
				4CE2956EE022C8A4311C59AC /* Pods-Lilo.debug.xcconfig */,
				1F7438924ADFD5A9603659C1 /* Pods-Lilo.release.xcconfig */,
				BE9F8BD1747617C8236D8335 /* Pods-Lilo-LiloUITests.debug.xcconfig */,
				C18124E8FC414BF7E4E8CED8 /* Pods-Lilo-LiloUITests.release.xcconfig */,
				7B9721009607EDD21575ED5B /* Pods-LiloTests.debug.xcconfig */,
				F7C3D410A8FF77C175177036 /* Pods-LiloTests.release.xcconfig */,
			);
			path = Pods;
			sourceTree = "<group>";
		};
/* End PBXGroup section */

/* Begin PBXNativeTarget section */
		1A3C5917259B76E4001C1B0E /* Lilo */ = {
			isa = PBXNativeTarget;
			buildConfigurationList = 1A3C5942259B76E7001C1B0E /* Build configuration list for PBXNativeTarget "Lilo" */;
			buildPhases = (
				62CBF0894099E1A33C5BEE0A /* [CP] Check Pods Manifest.lock */,
				1A3C5914259B76E4001C1B0E /* Sources */,
				1A3C5915259B76E4001C1B0E /* Frameworks */,
				1A3C5916259B76E4001C1B0E /* Resources */,
				430BCE2FA939978B286107BB /* [CP] Embed Pods Frameworks */,
			);
			buildRules = (
			);
			dependencies = (
			);
			name = Lilo;
			productName = Lilo;
			productReference = 1A3C5918259B76E4001C1B0E /* Lilo.app */;
			productType = "com.apple.product-type.application";
		};
		1A3C592D259B76E7001C1B0E /* LiloTests */ = {
			isa = PBXNativeTarget;
			buildConfigurationList = 1A3C5945259B76E7001C1B0E /* Build configuration list for PBXNativeTarget "LiloTests" */;
			buildPhases = (
				474F040271444BB9A995D8FE /* [CP] Check Pods Manifest.lock */,
				1A3C592A259B76E7001C1B0E /* Sources */,
				1A3C592B259B76E7001C1B0E /* Frameworks */,
				1A3C592C259B76E7001C1B0E /* Resources */,
			);
			buildRules = (
			);
			dependencies = (
				1A3C5930259B76E7001C1B0E /* PBXTargetDependency */,
			);
			name = LiloTests;
			productName = LiloTests;
			productReference = 1A3C592E259B76E7001C1B0E /* LiloTests.xctest */;
			productType = "com.apple.product-type.bundle.unit-test";
		};
		1A3C5938259B76E7001C1B0E /* LiloUITests */ = {
			isa = PBXNativeTarget;
			buildConfigurationList = 1A3C5948259B76E7001C1B0E /* Build configuration list for PBXNativeTarget "LiloUITests" */;
			buildPhases = (
				6AA7C8E8C7EC51C24C8303C2 /* [CP] Check Pods Manifest.lock */,
				1A3C5935259B76E7001C1B0E /* Sources */,
				1A3C5936259B76E7001C1B0E /* Frameworks */,
				1A3C5937259B76E7001C1B0E /* Resources */,
				E9F5FB22DD4A8F15662190E7 /* [CP] Embed Pods Frameworks */,
			);
			buildRules = (
			);
			dependencies = (
				1A3C593B259B76E7001C1B0E /* PBXTargetDependency */,
			);
			name = LiloUITests;
			productName = LiloUITests;
			productReference = 1A3C5939259B76E7001C1B0E /* LiloUITests.xctest */;
			productType = "com.apple.product-type.bundle.ui-testing";
		};
/* End PBXNativeTarget section */

/* Begin PBXProject section */
		1A3C5910259B76E4001C1B0E /* Project object */ = {
			isa = PBXProject;
			attributes = {
				LastSwiftUpdateCheck = 1230;
				LastUpgradeCheck = 1230;
				TargetAttributes = {
					1A3C5917259B76E4001C1B0E = {
						CreatedOnToolsVersion = 12.3;
					};
					1A3C592D259B76E7001C1B0E = {
						CreatedOnToolsVersion = 12.3;
						TestTargetID = 1A3C5917259B76E4001C1B0E;
					};
					1A3C5938259B76E7001C1B0E = {
						CreatedOnToolsVersion = 12.3;
						TestTargetID = 1A3C5917259B76E4001C1B0E;
					};
				};
			};
			buildConfigurationList = 1A3C5913259B76E4001C1B0E /* Build configuration list for PBXProject "Lilo" */;
			compatibilityVersion = "Xcode 9.3";
			developmentRegion = en;
			hasScannedForEncodings = 0;
			knownRegions = (
				en,
				Base,
			);
			mainGroup = 1A3C590F259B76E4001C1B0E;
			productRefGroup = 1A3C5919259B76E4001C1B0E /* Products */;
			projectDirPath = "";
			projectRoot = "";
			targets = (
				1A3C5917259B76E4001C1B0E /* Lilo */,
				1A3C592D259B76E7001C1B0E /* LiloTests */,
				1A3C5938259B76E7001C1B0E /* LiloUITests */,
			);
		};
/* End PBXProject section */

/* Begin PBXResourcesBuildPhase section */
		1A3C5916259B76E4001C1B0E /* Resources */ = {
			isa = PBXResourcesBuildPhase;
			buildActionMask = 2147483647;
			files = (
				1A3C5928259B76E7001C1B0E /* LaunchScreen.storyboard in Resources */,
				1A3C5925259B76E7001C1B0E /* Assets.xcassets in Resources */,
				1A3C5923259B76E4001C1B0E /* Main.storyboard in Resources */,
			);
			runOnlyForDeploymentPostprocessing = 0;
		};
		1A3C592C259B76E7001C1B0E /* Resources */ = {
			isa = PBXResourcesBuildPhase;
			buildActionMask = 2147483647;
			files = (
			);
			runOnlyForDeploymentPostprocessing = 0;
		};
		1A3C5937259B76E7001C1B0E /* Resources */ = {
			isa = PBXResourcesBuildPhase;
			buildActionMask = 2147483647;
			files = (
			);
			runOnlyForDeploymentPostprocessing = 0;
		};
/* End PBXResourcesBuildPhase section */

/* Begin PBXShellScriptBuildPhase section */
		430BCE2FA939978B286107BB /* [CP] Embed Pods Frameworks */ = {
			isa = PBXShellScriptBuildPhase;
			buildActionMask = 2147483647;
			files = (
			);
			inputFileListPaths = (
				"${PODS_ROOT}/Target Support Files/Pods-Lilo/Pods-Lilo-frameworks-${CONFIGURATION}-input-files.xcfilelist",
			);
			name = "[CP] Embed Pods Frameworks";
			outputFileListPaths = (
				"${PODS_ROOT}/Target Support Files/Pods-Lilo/Pods-Lilo-frameworks-${CONFIGURATION}-output-files.xcfilelist",
			);
			runOnlyForDeploymentPostprocessing = 0;
			shellPath = /bin/sh;
			shellScript = "\"${PODS_ROOT}/Target Support Files/Pods-Lilo/Pods-Lilo-frameworks.sh\"\n";
			showEnvVarsInLog = 0;
		};
		474F040271444BB9A995D8FE /* [CP] Check Pods Manifest.lock */ = {
			isa = PBXShellScriptBuildPhase;
			buildActionMask = 2147483647;
			files = (
			);
			inputFileListPaths = (
			);
			inputPaths = (
				"${PODS_PODFILE_DIR_PATH}/Podfile.lock",
				"${PODS_ROOT}/Manifest.lock",
			);
			name = "[CP] Check Pods Manifest.lock";
			outputFileListPaths = (
			);
			outputPaths = (
				"$(DERIVED_FILE_DIR)/Pods-LiloTests-checkManifestLockResult.txt",
			);
			runOnlyForDeploymentPostprocessing = 0;
			shellPath = /bin/sh;
			shellScript = "diff \"${PODS_PODFILE_DIR_PATH}/Podfile.lock\" \"${PODS_ROOT}/Manifest.lock\" > /dev/null\nif [ $? != 0 ] ; then\n    # print error to STDERR\n    echo \"error: The sandbox is not in sync with the Podfile.lock. Run 'pod install' or update your CocoaPods installation.\" >&2\n    exit 1\nfi\n# This output is used by Xcode 'outputs' to avoid re-running this script phase.\necho \"SUCCESS\" > \"${SCRIPT_OUTPUT_FILE_0}\"\n";
			showEnvVarsInLog = 0;
		};
		62CBF0894099E1A33C5BEE0A /* [CP] Check Pods Manifest.lock */ = {
			isa = PBXShellScriptBuildPhase;
			buildActionMask = 2147483647;
			files = (
			);
			inputFileListPaths = (
			);
			inputPaths = (
				"${PODS_PODFILE_DIR_PATH}/Podfile.lock",
				"${PODS_ROOT}/Manifest.lock",
			);
			name = "[CP] Check Pods Manifest.lock";
			outputFileListPaths = (
			);
			outputPaths = (
				"$(DERIVED_FILE_DIR)/Pods-Lilo-checkManifestLockResult.txt",
			);
			runOnlyForDeploymentPostprocessing = 0;
			shellPath = /bin/sh;
			shellScript = "diff \"${PODS_PODFILE_DIR_PATH}/Podfile.lock\" \"${PODS_ROOT}/Manifest.lock\" > /dev/null\nif [ $? != 0 ] ; then\n    # print error to STDERR\n    echo \"error: The sandbox is not in sync with the Podfile.lock. Run 'pod install' or update your CocoaPods installation.\" >&2\n    exit 1\nfi\n# This output is used by Xcode 'outputs' to avoid re-running this script phase.\necho \"SUCCESS\" > \"${SCRIPT_OUTPUT_FILE_0}\"\n";
			showEnvVarsInLog = 0;
		};
		6AA7C8E8C7EC51C24C8303C2 /* [CP] Check Pods Manifest.lock */ = {
			isa = PBXShellScriptBuildPhase;
			buildActionMask = 2147483647;
			files = (
			);
			inputFileListPaths = (
			);
			inputPaths = (
				"${PODS_PODFILE_DIR_PATH}/Podfile.lock",
				"${PODS_ROOT}/Manifest.lock",
			);
			name = "[CP] Check Pods Manifest.lock";
			outputFileListPaths = (
			);
			outputPaths = (
				"$(DERIVED_FILE_DIR)/Pods-Lilo-LiloUITests-checkManifestLockResult.txt",
			);
			runOnlyForDeploymentPostprocessing = 0;
			shellPath = /bin/sh;
			shellScript = "diff \"${PODS_PODFILE_DIR_PATH}/Podfile.lock\" \"${PODS_ROOT}/Manifest.lock\" > /dev/null\nif [ $? != 0 ] ; then\n    # print error to STDERR\n    echo \"error: The sandbox is not in sync with the Podfile.lock. Run 'pod install' or update your CocoaPods installation.\" >&2\n    exit 1\nfi\n# This output is used by Xcode 'outputs' to avoid re-running this script phase.\necho \"SUCCESS\" > \"${SCRIPT_OUTPUT_FILE_0}\"\n";
			showEnvVarsInLog = 0;
		};
		E9F5FB22DD4A8F15662190E7 /* [CP] Embed Pods Frameworks */ = {
			isa = PBXShellScriptBuildPhase;
			buildActionMask = 2147483647;
			files = (
			);
			inputFileListPaths = (
				"${PODS_ROOT}/Target Support Files/Pods-Lilo-LiloUITests/Pods-Lilo-LiloUITests-frameworks-${CONFIGURATION}-input-files.xcfilelist",
			);
			name = "[CP] Embed Pods Frameworks";
			outputFileListPaths = (
				"${PODS_ROOT}/Target Support Files/Pods-Lilo-LiloUITests/Pods-Lilo-LiloUITests-frameworks-${CONFIGURATION}-output-files.xcfilelist",
			);
			runOnlyForDeploymentPostprocessing = 0;
			shellPath = /bin/sh;
			shellScript = "\"${PODS_ROOT}/Target Support Files/Pods-Lilo-LiloUITests/Pods-Lilo-LiloUITests-frameworks.sh\"\n";
			showEnvVarsInLog = 0;
		};
/* End PBXShellScriptBuildPhase section */

/* Begin PBXSourcesBuildPhase section */
		1A3C5914259B76E4001C1B0E /* Sources */ = {
			isa = PBXSourcesBuildPhase;
			buildActionMask = 2147483647;
			files = (
				1A442138259DC35E00024F58 /* BikeService.swift in Sources */,
				1A3C5962259B7F68001C1B0E /* HomeVC.swift in Sources */,
				1A44212D259CD60F00024F58 /* StationPin.swift in Sources */,
				1A3C591C259B76E4001C1B0E /* AppDelegate.swift in Sources */,
				1A3C591E259B76E4001C1B0E /* SceneDelegate.swift in Sources */,
				1A4420F3259C8DD700024F58 /* StationService.swift in Sources */,
				1A442100259CB24500024F58 /* Stations.swift in Sources */,
				1A4420EB259C8D3A00024F58 /* Constants.swift in Sources */,
				1A442140259DD32500024F58 /* Bikes.swift in Sources */,
			);
			runOnlyForDeploymentPostprocessing = 0;
		};
		1A3C592A259B76E7001C1B0E /* Sources */ = {
			isa = PBXSourcesBuildPhase;
			buildActionMask = 2147483647;
			files = (
				1A3C5933259B76E7001C1B0E /* LiloTests.swift in Sources */,
			);
			runOnlyForDeploymentPostprocessing = 0;
		};
		1A3C5935259B76E7001C1B0E /* Sources */ = {
			isa = PBXSourcesBuildPhase;
			buildActionMask = 2147483647;
			files = (
				1A3C593E259B76E7001C1B0E /* LiloUITests.swift in Sources */,
			);
			runOnlyForDeploymentPostprocessing = 0;
		};
/* End PBXSourcesBuildPhase section */

/* Begin PBXTargetDependency section */
		1A3C5930259B76E7001C1B0E /* PBXTargetDependency */ = {
			isa = PBXTargetDependency;
			target = 1A3C5917259B76E4001C1B0E /* Lilo */;
			targetProxy = 1A3C592F259B76E7001C1B0E /* PBXContainerItemProxy */;
		};
		1A3C593B259B76E7001C1B0E /* PBXTargetDependency */ = {
			isa = PBXTargetDependency;
			target = 1A3C5917259B76E4001C1B0E /* Lilo */;
			targetProxy = 1A3C593A259B76E7001C1B0E /* PBXContainerItemProxy */;
		};
/* End PBXTargetDependency section */

/* Begin PBXVariantGroup section */
		1A3C5921259B76E4001C1B0E /* Main.storyboard */ = {
			isa = PBXVariantGroup;
			children = (
				1A3C5922259B76E4001C1B0E /* Base */,
			);
			name = Main.storyboard;
			sourceTree = "<group>";
		};
		1A3C5926259B76E7001C1B0E /* LaunchScreen.storyboard */ = {
			isa = PBXVariantGroup;
			children = (
				1A3C5927259B76E7001C1B0E /* Base */,
			);
			name = LaunchScreen.storyboard;
			sourceTree = "<group>";
		};
/* End PBXVariantGroup section */

/* Begin XCBuildConfiguration section */
		1A3C5940259B76E7001C1B0E /* Debug */ = {
			isa = XCBuildConfiguration;
			buildSettings = {
				ALWAYS_SEARCH_USER_PATHS = NO;
				CLANG_ANALYZER_NONNULL = YES;
				CLANG_ANALYZER_NUMBER_OBJECT_CONVERSION = YES_AGGRESSIVE;
				CLANG_CXX_LANGUAGE_STANDARD = "gnu++14";
				CLANG_CXX_LIBRARY = "libc++";
				CLANG_ENABLE_MODULES = YES;
				CLANG_ENABLE_OBJC_ARC = YES;
				CLANG_ENABLE_OBJC_WEAK = YES;
				CLANG_WARN_BLOCK_CAPTURE_AUTORELEASING = YES;
				CLANG_WARN_BOOL_CONVERSION = YES;
				CLANG_WARN_COMMA = YES;
				CLANG_WARN_CONSTANT_CONVERSION = YES;
				CLANG_WARN_DEPRECATED_OBJC_IMPLEMENTATIONS = YES;
				CLANG_WARN_DIRECT_OBJC_ISA_USAGE = YES_ERROR;
				CLANG_WARN_DOCUMENTATION_COMMENTS = YES;
				CLANG_WARN_EMPTY_BODY = YES;
				CLANG_WARN_ENUM_CONVERSION = YES;
				CLANG_WARN_INFINITE_RECURSION = YES;
				CLANG_WARN_INT_CONVERSION = YES;
				CLANG_WARN_NON_LITERAL_NULL_CONVERSION = YES;
				CLANG_WARN_OBJC_IMPLICIT_RETAIN_SELF = YES;
				CLANG_WARN_OBJC_LITERAL_CONVERSION = YES;
				CLANG_WARN_OBJC_ROOT_CLASS = YES_ERROR;
				CLANG_WARN_QUOTED_INCLUDE_IN_FRAMEWORK_HEADER = YES;
				CLANG_WARN_RANGE_LOOP_ANALYSIS = YES;
				CLANG_WARN_STRICT_PROTOTYPES = YES;
				CLANG_WARN_SUSPICIOUS_MOVE = YES;
				CLANG_WARN_UNGUARDED_AVAILABILITY = YES_AGGRESSIVE;
				CLANG_WARN_UNREACHABLE_CODE = YES;
				CLANG_WARN__DUPLICATE_METHOD_MATCH = YES;
				COPY_PHASE_STRIP = NO;
				DEBUG_INFORMATION_FORMAT = dwarf;
				ENABLE_STRICT_OBJC_MSGSEND = YES;
				ENABLE_TESTABILITY = YES;
				GCC_C_LANGUAGE_STANDARD = gnu11;
				GCC_DYNAMIC_NO_PIC = NO;
				GCC_NO_COMMON_BLOCKS = YES;
				GCC_OPTIMIZATION_LEVEL = 0;
				GCC_PREPROCESSOR_DEFINITIONS = (
					"DEBUG=1",
					"$(inherited)",
				);
				GCC_WARN_64_TO_32_BIT_CONVERSION = YES;
				GCC_WARN_ABOUT_RETURN_TYPE = YES_ERROR;
				GCC_WARN_UNDECLARED_SELECTOR = YES;
				GCC_WARN_UNINITIALIZED_AUTOS = YES_AGGRESSIVE;
				GCC_WARN_UNUSED_FUNCTION = YES;
				GCC_WARN_UNUSED_VARIABLE = YES;
				IPHONEOS_DEPLOYMENT_TARGET = 14.3;
				MTL_ENABLE_DEBUG_INFO = INCLUDE_SOURCE;
				MTL_FAST_MATH = YES;
				ONLY_ACTIVE_ARCH = YES;
				SDKROOT = iphoneos;
				SWIFT_ACTIVE_COMPILATION_CONDITIONS = DEBUG;
				SWIFT_OPTIMIZATION_LEVEL = "-Onone";
			};
			name = Debug;
		};
		1A3C5941259B76E7001C1B0E /* Release */ = {
			isa = XCBuildConfiguration;
			buildSettings = {
				ALWAYS_SEARCH_USER_PATHS = NO;
				CLANG_ANALYZER_NONNULL = YES;
				CLANG_ANALYZER_NUMBER_OBJECT_CONVERSION = YES_AGGRESSIVE;
				CLANG_CXX_LANGUAGE_STANDARD = "gnu++14";
				CLANG_CXX_LIBRARY = "libc++";
				CLANG_ENABLE_MODULES = YES;
				CLANG_ENABLE_OBJC_ARC = YES;
				CLANG_ENABLE_OBJC_WEAK = YES;
				CLANG_WARN_BLOCK_CAPTURE_AUTORELEASING = YES;
				CLANG_WARN_BOOL_CONVERSION = YES;
				CLANG_WARN_COMMA = YES;
				CLANG_WARN_CONSTANT_CONVERSION = YES;
				CLANG_WARN_DEPRECATED_OBJC_IMPLEMENTATIONS = YES;
				CLANG_WARN_DIRECT_OBJC_ISA_USAGE = YES_ERROR;
				CLANG_WARN_DOCUMENTATION_COMMENTS = YES;
				CLANG_WARN_EMPTY_BODY = YES;
				CLANG_WARN_ENUM_CONVERSION = YES;
				CLANG_WARN_INFINITE_RECURSION = YES;
				CLANG_WARN_INT_CONVERSION = YES;
				CLANG_WARN_NON_LITERAL_NULL_CONVERSION = YES;
				CLANG_WARN_OBJC_IMPLICIT_RETAIN_SELF = YES;
				CLANG_WARN_OBJC_LITERAL_CONVERSION = YES;
				CLANG_WARN_OBJC_ROOT_CLASS = YES_ERROR;
				CLANG_WARN_QUOTED_INCLUDE_IN_FRAMEWORK_HEADER = YES;
				CLANG_WARN_RANGE_LOOP_ANALYSIS = YES;
				CLANG_WARN_STRICT_PROTOTYPES = YES;
				CLANG_WARN_SUSPICIOUS_MOVE = YES;
				CLANG_WARN_UNGUARDED_AVAILABILITY = YES_AGGRESSIVE;
				CLANG_WARN_UNREACHABLE_CODE = YES;
				CLANG_WARN__DUPLICATE_METHOD_MATCH = YES;
				COPY_PHASE_STRIP = NO;
				DEBUG_INFORMATION_FORMAT = "dwarf-with-dsym";
				ENABLE_NS_ASSERTIONS = NO;
				ENABLE_STRICT_OBJC_MSGSEND = YES;
				GCC_C_LANGUAGE_STANDARD = gnu11;
				GCC_NO_COMMON_BLOCKS = YES;
				GCC_WARN_64_TO_32_BIT_CONVERSION = YES;
				GCC_WARN_ABOUT_RETURN_TYPE = YES_ERROR;
				GCC_WARN_UNDECLARED_SELECTOR = YES;
				GCC_WARN_UNINITIALIZED_AUTOS = YES_AGGRESSIVE;
				GCC_WARN_UNUSED_FUNCTION = YES;
				GCC_WARN_UNUSED_VARIABLE = YES;
				IPHONEOS_DEPLOYMENT_TARGET = 14.3;
				MTL_ENABLE_DEBUG_INFO = NO;
				MTL_FAST_MATH = YES;
				SDKROOT = iphoneos;
				SWIFT_COMPILATION_MODE = wholemodule;
				SWIFT_OPTIMIZATION_LEVEL = "-O";
				VALIDATE_PRODUCT = YES;
			};
			name = Release;
		};
		1A3C5943259B76E7001C1B0E /* Debug */ = {
			isa = XCBuildConfiguration;
			baseConfigurationReference = 4CE2956EE022C8A4311C59AC /* Pods-Lilo.debug.xcconfig */;
			buildSettings = {
				ASSETCATALOG_COMPILER_APPICON_NAME = AppIcon;
				ASSETCATALOG_COMPILER_GLOBAL_ACCENT_COLOR_NAME = AccentColor;
				CODE_SIGN_STYLE = Automatic;
				INFOPLIST_FILE = Lilo/Info.plist;
				LD_RUNPATH_SEARCH_PATHS = (
					"$(inherited)",
					"@executable_path/Frameworks",
				);
				PRODUCT_BUNDLE_IDENTIFIER = com.mailys.Lilo;
				PRODUCT_NAME = "$(TARGET_NAME)";
				SWIFT_VERSION = 5.0;
				TARGETED_DEVICE_FAMILY = "1,2";
			};
			name = Debug;
		};
		1A3C5944259B76E7001C1B0E /* Release */ = {
			isa = XCBuildConfiguration;
			baseConfigurationReference = 1F7438924ADFD5A9603659C1 /* Pods-Lilo.release.xcconfig */;
			buildSettings = {
				ASSETCATALOG_COMPILER_APPICON_NAME = AppIcon;
				ASSETCATALOG_COMPILER_GLOBAL_ACCENT_COLOR_NAME = AccentColor;
				CODE_SIGN_STYLE = Automatic;
				INFOPLIST_FILE = Lilo/Info.plist;
				LD_RUNPATH_SEARCH_PATHS = (
					"$(inherited)",
					"@executable_path/Frameworks",
				);
				PRODUCT_BUNDLE_IDENTIFIER = com.mailys.Lilo;
				PRODUCT_NAME = "$(TARGET_NAME)";
				SWIFT_VERSION = 5.0;
				TARGETED_DEVICE_FAMILY = "1,2";
			};
			name = Release;
		};
		1A3C5946259B76E7001C1B0E /* Debug */ = {
			isa = XCBuildConfiguration;
			baseConfigurationReference = 7B9721009607EDD21575ED5B /* Pods-LiloTests.debug.xcconfig */;
			buildSettings = {
				ALWAYS_EMBED_SWIFT_STANDARD_LIBRARIES = YES;
				BUNDLE_LOADER = "$(TEST_HOST)";
				CODE_SIGN_STYLE = Automatic;
				INFOPLIST_FILE = LiloTests/Info.plist;
				IPHONEOS_DEPLOYMENT_TARGET = 14.3;
				LD_RUNPATH_SEARCH_PATHS = (
					"$(inherited)",
					"@executable_path/Frameworks",
					"@loader_path/Frameworks",
				);
				PRODUCT_BUNDLE_IDENTIFIER = com.mailys.LiloTests;
				PRODUCT_NAME = "$(TARGET_NAME)";
				SWIFT_VERSION = 5.0;
				TARGETED_DEVICE_FAMILY = "1,2";
				TEST_HOST = "$(BUILT_PRODUCTS_DIR)/Lilo.app/Lilo";
			};
			name = Debug;
		};
		1A3C5947259B76E7001C1B0E /* Release */ = {
			isa = XCBuildConfiguration;
			baseConfigurationReference = F7C3D410A8FF77C175177036 /* Pods-LiloTests.release.xcconfig */;
			buildSettings = {
				ALWAYS_EMBED_SWIFT_STANDARD_LIBRARIES = YES;
				BUNDLE_LOADER = "$(TEST_HOST)";
				CODE_SIGN_STYLE = Automatic;
				INFOPLIST_FILE = LiloTests/Info.plist;
				IPHONEOS_DEPLOYMENT_TARGET = 14.3;
				LD_RUNPATH_SEARCH_PATHS = (
					"$(inherited)",
					"@executable_path/Frameworks",
					"@loader_path/Frameworks",
				);
				PRODUCT_BUNDLE_IDENTIFIER = com.mailys.LiloTests;
				PRODUCT_NAME = "$(TARGET_NAME)";
				SWIFT_VERSION = 5.0;
				TARGETED_DEVICE_FAMILY = "1,2";
				TEST_HOST = "$(BUILT_PRODUCTS_DIR)/Lilo.app/Lilo";
			};
			name = Release;
		};
		1A3C5949259B76E7001C1B0E /* Debug */ = {
			isa = XCBuildConfiguration;
			baseConfigurationReference = BE9F8BD1747617C8236D8335 /* Pods-Lilo-LiloUITests.debug.xcconfig */;
			buildSettings = {
				ALWAYS_EMBED_SWIFT_STANDARD_LIBRARIES = YES;
				CODE_SIGN_STYLE = Automatic;
				INFOPLIST_FILE = LiloUITests/Info.plist;
				LD_RUNPATH_SEARCH_PATHS = (
					"$(inherited)",
					"@executable_path/Frameworks",
					"@loader_path/Frameworks",
				);
				PRODUCT_BUNDLE_IDENTIFIER = com.mailys.LiloUITests;
				PRODUCT_NAME = "$(TARGET_NAME)";
				SWIFT_VERSION = 5.0;
				TARGETED_DEVICE_FAMILY = "1,2";
				TEST_TARGET_NAME = Lilo;
			};
			name = Debug;
		};
		1A3C594A259B76E7001C1B0E /* Release */ = {
			isa = XCBuildConfiguration;
			baseConfigurationReference = C18124E8FC414BF7E4E8CED8 /* Pods-Lilo-LiloUITests.release.xcconfig */;
			buildSettings = {
				ALWAYS_EMBED_SWIFT_STANDARD_LIBRARIES = YES;
				CODE_SIGN_STYLE = Automatic;
				INFOPLIST_FILE = LiloUITests/Info.plist;
				LD_RUNPATH_SEARCH_PATHS = (
					"$(inherited)",
					"@executable_path/Frameworks",
					"@loader_path/Frameworks",
				);
				PRODUCT_BUNDLE_IDENTIFIER = com.mailys.LiloUITests;
				PRODUCT_NAME = "$(TARGET_NAME)";
				SWIFT_VERSION = 5.0;
				TARGETED_DEVICE_FAMILY = "1,2";
				TEST_TARGET_NAME = Lilo;
			};
			name = Release;
		};
/* End XCBuildConfiguration section */

/* Begin XCConfigurationList section */
		1A3C5913259B76E4001C1B0E /* Build configuration list for PBXProject "Lilo" */ = {
			isa = XCConfigurationList;
			buildConfigurations = (
				1A3C5940259B76E7001C1B0E /* Debug */,
				1A3C5941259B76E7001C1B0E /* Release */,
			);
			defaultConfigurationIsVisible = 0;
			defaultConfigurationName = Release;
		};
		1A3C5942259B76E7001C1B0E /* Build configuration list for PBXNativeTarget "Lilo" */ = {
			isa = XCConfigurationList;
			buildConfigurations = (
				1A3C5943259B76E7001C1B0E /* Debug */,
				1A3C5944259B76E7001C1B0E /* Release */,
			);
			defaultConfigurationIsVisible = 0;
			defaultConfigurationName = Release;
		};
		1A3C5945259B76E7001C1B0E /* Build configuration list for PBXNativeTarget "LiloTests" */ = {
			isa = XCConfigurationList;
			buildConfigurations = (
				1A3C5946259B76E7001C1B0E /* Debug */,
				1A3C5947259B76E7001C1B0E /* Release */,
			);
			defaultConfigurationIsVisible = 0;
			defaultConfigurationName = Release;
		};
		1A3C5948259B76E7001C1B0E /* Build configuration list for PBXNativeTarget "LiloUITests" */ = {
			isa = XCConfigurationList;
			buildConfigurations = (
				1A3C5949259B76E7001C1B0E /* Debug */,
				1A3C594A259B76E7001C1B0E /* Release */,
			);
			defaultConfigurationIsVisible = 0;
			defaultConfigurationName = Release;
		};
/* End XCConfigurationList section */
	};
	rootObject = 1A3C5910259B76E4001C1B0E /* Project object */;
}
